// !$*UTF8*$!
{
	archiveVersion = 1;
	classes = {
	};
	objectVersion = 55;
	objects = {

/* Begin PBXBuildFile section */
		2CAD1EA415ED3EBDC6FF827A /* Pods_Tinder.framework in Frameworks */ = {isa = PBXBuildFile; fileRef = 92D113E81CE5A0BE56B9F759 /* Pods_Tinder.framework */; };
		FA09F314291A375700937CD8 /* LoginViewController.swift in Sources */ = {isa = PBXBuildFile; fileRef = FA09F313291A375700937CD8 /* LoginViewController.swift */; };
		FA1321A528F54E95002DD83D /* GoogleService-Info.plist in Resources */ = {isa = PBXBuildFile; fileRef = FA1321A428F54E95002DD83D /* GoogleService-Info.plist */; };
		FA1335C32949F92200B08A73 /* ProfileViewController.swift in Sources */ = {isa = PBXBuildFile; fileRef = FA1335C22949F92200B08A73 /* ProfileViewController.swift */; };
		FA1335C62949FA5500B08A73 /* ProfileCell.swift in Sources */ = {isa = PBXBuildFile; fileRef = FA1335C42949FA5500B08A73 /* ProfileCell.swift */; };
		FA1335C72949FA5500B08A73 /* ProfileCell.xib in Resources */ = {isa = PBXBuildFile; fileRef = FA1335C52949FA5500B08A73 /* ProfileCell.xib */; };
		FA1335C9294A007F00B08A73 /* UIView+Extensions.swift in Sources */ = {isa = PBXBuildFile; fileRef = FA1335C8294A007F00B08A73 /* UIView+Extensions.swift */; };
		FA1335CD294A062A00B08A73 /* LabelCell.swift in Sources */ = {isa = PBXBuildFile; fileRef = FA1335CB294A062A00B08A73 /* LabelCell.swift */; };
		FA1335CE294A062A00B08A73 /* LabelCell.xib in Resources */ = {isa = PBXBuildFile; fileRef = FA1335CC294A062A00B08A73 /* LabelCell.xib */; };
		FA1335D2294A06BC00B08A73 /* AboutMeCell.swift in Sources */ = {isa = PBXBuildFile; fileRef = FA1335D0294A06BC00B08A73 /* AboutMeCell.swift */; };
		FA1335D3294A06BC00B08A73 /* AboutMeCell.xib in Resources */ = {isa = PBXBuildFile; fileRef = FA1335D1294A06BC00B08A73 /* AboutMeCell.xib */; };
		FA1335D7294A0FD800B08A73 /* TextFieldCell.swift in Sources */ = {isa = PBXBuildFile; fileRef = FA1335D5294A0FD800B08A73 /* TextFieldCell.swift */; };
		FA1335D8294A0FD800B08A73 /* TextFieldCell.xib in Resources */ = {isa = PBXBuildFile; fileRef = FA1335D6294A0FD800B08A73 /* TextFieldCell.xib */; };
		FA1639462943378700FCED7D /* FCollectionReference.swift in Sources */ = {isa = PBXBuildFile; fileRef = FA1639452943378600FCED7D /* FCollectionReference.swift */; };
		FA1639482943387000FCED7D /* FirebaseListener.swift in Sources */ = {isa = PBXBuildFile; fileRef = FA1639472943387000FCED7D /* FirebaseListener.swift */; };
		FA5FC191296C184800E37EAF /* Date+Extensions.swift in Sources */ = {isa = PBXBuildFile; fileRef = FA5FC190296C184800E37EAF /* Date+Extensions.swift */; };
		FA887C8428EB02C200AD30AF /* AppDelegate.swift in Sources */ = {isa = PBXBuildFile; fileRef = FA887C8328EB02C200AD30AF /* AppDelegate.swift */; };
		FA887C8628EB02C200AD30AF /* SceneDelegate.swift in Sources */ = {isa = PBXBuildFile; fileRef = FA887C8528EB02C200AD30AF /* SceneDelegate.swift */; };
		FA887C8B28EB02C200AD30AF /* Main.storyboard in Resources */ = {isa = PBXBuildFile; fileRef = FA887C8928EB02C200AD30AF /* Main.storyboard */; };
		FA887C8D28EB02CA00AD30AF /* Assets.xcassets in Resources */ = {isa = PBXBuildFile; fileRef = FA887C8C28EB02CA00AD30AF /* Assets.xcassets */; };
		FA887C9028EB02CA00AD30AF /* LaunchScreen.storyboard in Resources */ = {isa = PBXBuildFile; fileRef = FA887C8E28EB02CA00AD30AF /* LaunchScreen.storyboard */; };
		FA8D2CE22942195900B3FBA4 /* Constants.swift in Sources */ = {isa = PBXBuildFile; fileRef = FA8D2CE12942195800B3FBA4 /* Constants.swift */; };
		FA9BEC512938E0DB000D4B59 /* UIViewController+Extensions.swift in Sources */ = {isa = PBXBuildFile; fileRef = FA9BEC502938E0DB000D4B59 /* UIViewController+Extensions.swift */; };
		FADB95452940AC1100D2CEC8 /* FirebaseUser.swift in Sources */ = {isa = PBXBuildFile; fileRef = FADB95442940AC1100D2CEC8 /* FirebaseUser.swift */; };
		FAEC30D6291A86F80023ADFF /* RegistrationViewController.swift in Sources */ = {isa = PBXBuildFile; fileRef = FAEC30D5291A86F80023ADFF /* RegistrationViewController.swift */; };
/* End PBXBuildFile section */

/* Begin PBXFileReference section */
		92D113E81CE5A0BE56B9F759 /* Pods_Tinder.framework */ = {isa = PBXFileReference; explicitFileType = wrapper.framework; includeInIndex = 0; path = Pods_Tinder.framework; sourceTree = BUILT_PRODUCTS_DIR; };
		CEF34F95120CF5CAC6278E18 /* Pods-Tinder.release.xcconfig */ = {isa = PBXFileReference; includeInIndex = 1; lastKnownFileType = text.xcconfig; name = "Pods-Tinder.release.xcconfig"; path = "Target Support Files/Pods-Tinder/Pods-Tinder.release.xcconfig"; sourceTree = "<group>"; };
		F02B255D1A9F3F983D36618B /* Pods-Tinder.debug.xcconfig */ = {isa = PBXFileReference; includeInIndex = 1; lastKnownFileType = text.xcconfig; name = "Pods-Tinder.debug.xcconfig"; path = "Target Support Files/Pods-Tinder/Pods-Tinder.debug.xcconfig"; sourceTree = "<group>"; };
		FA09F313291A375700937CD8 /* LoginViewController.swift */ = {isa = PBXFileReference; lastKnownFileType = sourcecode.swift; path = LoginViewController.swift; sourceTree = "<group>"; };
		FA1321A428F54E95002DD83D /* GoogleService-Info.plist */ = {isa = PBXFileReference; fileEncoding = 4; lastKnownFileType = text.plist.xml; path = "GoogleService-Info.plist"; sourceTree = "<group>"; };
		FA1335C22949F92200B08A73 /* ProfileViewController.swift */ = {isa = PBXFileReference; lastKnownFileType = sourcecode.swift; path = ProfileViewController.swift; sourceTree = "<group>"; };
		FA1335C42949FA5500B08A73 /* ProfileCell.swift */ = {isa = PBXFileReference; lastKnownFileType = sourcecode.swift; path = ProfileCell.swift; sourceTree = "<group>"; };
		FA1335C52949FA5500B08A73 /* ProfileCell.xib */ = {isa = PBXFileReference; lastKnownFileType = file.xib; path = ProfileCell.xib; sourceTree = "<group>"; };
		FA1335C8294A007F00B08A73 /* UIView+Extensions.swift */ = {isa = PBXFileReference; lastKnownFileType = sourcecode.swift; path = "UIView+Extensions.swift"; sourceTree = "<group>"; };
		FA1335CB294A062A00B08A73 /* LabelCell.swift */ = {isa = PBXFileReference; lastKnownFileType = sourcecode.swift; path = LabelCell.swift; sourceTree = "<group>"; };
		FA1335CC294A062A00B08A73 /* LabelCell.xib */ = {isa = PBXFileReference; lastKnownFileType = file.xib; path = LabelCell.xib; sourceTree = "<group>"; };
		FA1335D0294A06BC00B08A73 /* AboutMeCell.swift */ = {isa = PBXFileReference; lastKnownFileType = sourcecode.swift; path = AboutMeCell.swift; sourceTree = "<group>"; };
		FA1335D1294A06BC00B08A73 /* AboutMeCell.xib */ = {isa = PBXFileReference; lastKnownFileType = file.xib; path = AboutMeCell.xib; sourceTree = "<group>"; };
		FA1335D5294A0FD800B08A73 /* TextFieldCell.swift */ = {isa = PBXFileReference; lastKnownFileType = sourcecode.swift; path = TextFieldCell.swift; sourceTree = "<group>"; };
		FA1335D6294A0FD800B08A73 /* TextFieldCell.xib */ = {isa = PBXFileReference; lastKnownFileType = file.xib; path = TextFieldCell.xib; sourceTree = "<group>"; };
		FA1639452943378600FCED7D /* FCollectionReference.swift */ = {isa = PBXFileReference; lastKnownFileType = sourcecode.swift; path = FCollectionReference.swift; sourceTree = "<group>"; };
		FA1639472943387000FCED7D /* FirebaseListener.swift */ = {isa = PBXFileReference; lastKnownFileType = sourcecode.swift; path = FirebaseListener.swift; sourceTree = "<group>"; };
		FA5FC190296C184800E37EAF /* Date+Extensions.swift */ = {isa = PBXFileReference; lastKnownFileType = sourcecode.swift; path = "Date+Extensions.swift"; sourceTree = "<group>"; };
		FA887C8028EB02C200AD30AF /* Tinder.app */ = {isa = PBXFileReference; explicitFileType = wrapper.application; includeInIndex = 0; path = Tinder.app; sourceTree = BUILT_PRODUCTS_DIR; };
		FA887C8328EB02C200AD30AF /* AppDelegate.swift */ = {isa = PBXFileReference; lastKnownFileType = sourcecode.swift; path = AppDelegate.swift; sourceTree = "<group>"; };
		FA887C8528EB02C200AD30AF /* SceneDelegate.swift */ = {isa = PBXFileReference; lastKnownFileType = sourcecode.swift; path = SceneDelegate.swift; sourceTree = "<group>"; };
		FA887C8A28EB02C200AD30AF /* Base */ = {isa = PBXFileReference; lastKnownFileType = file.storyboard; name = Base; path = Base.lproj/Main.storyboard; sourceTree = "<group>"; };
		FA887C8C28EB02CA00AD30AF /* Assets.xcassets */ = {isa = PBXFileReference; lastKnownFileType = folder.assetcatalog; path = Assets.xcassets; sourceTree = "<group>"; };
		FA887C8F28EB02CA00AD30AF /* Base */ = {isa = PBXFileReference; lastKnownFileType = file.storyboard; name = Base; path = Base.lproj/LaunchScreen.storyboard; sourceTree = "<group>"; };
		FA887C9128EB02CA00AD30AF /* Info.plist */ = {isa = PBXFileReference; lastKnownFileType = text.plist.xml; path = Info.plist; sourceTree = "<group>"; };
		FA8D2CE12942195800B3FBA4 /* Constants.swift */ = {isa = PBXFileReference; lastKnownFileType = sourcecode.swift; path = Constants.swift; sourceTree = "<group>"; };
		FA9BEC502938E0DB000D4B59 /* UIViewController+Extensions.swift */ = {isa = PBXFileReference; lastKnownFileType = sourcecode.swift; path = "UIViewController+Extensions.swift"; sourceTree = "<group>"; };
		FADB95442940AC1100D2CEC8 /* FirebaseUser.swift */ = {isa = PBXFileReference; lastKnownFileType = sourcecode.swift; path = FirebaseUser.swift; sourceTree = "<group>"; };
		FAEC30D5291A86F80023ADFF /* RegistrationViewController.swift */ = {isa = PBXFileReference; lastKnownFileType = sourcecode.swift; path = RegistrationViewController.swift; sourceTree = "<group>"; };
/* End PBXFileReference section */

/* Begin PBXFrameworksBuildPhase section */
		FA887C7D28EB02C200AD30AF /* Frameworks */ = {
			isa = PBXFrameworksBuildPhase;
			buildActionMask = 2147483647;
			files = (
				2CAD1EA415ED3EBDC6FF827A /* Pods_Tinder.framework in Frameworks */,
			);
			runOnlyForDeploymentPostprocessing = 0;
		};
/* End PBXFrameworksBuildPhase section */

/* Begin PBXGroup section */
		CDAFE44B81523517EB27A5D4 /* Pods */ = {
			isa = PBXGroup;
			children = (
				F02B255D1A9F3F983D36618B /* Pods-Tinder.debug.xcconfig */,
				CEF34F95120CF5CAC6278E18 /* Pods-Tinder.release.xcconfig */,
			);
			path = Pods;
			sourceTree = "<group>";
		};
		D59D3B775419FCE87195F353 /* Frameworks */ = {
			isa = PBXGroup;
			children = (
				92D113E81CE5A0BE56B9F759 /* Pods_Tinder.framework */,
			);
			name = Frameworks;
			sourceTree = "<group>";
		};
		FA09F30B291A361900937CD8 /* App */ = {
			isa = PBXGroup;
			children = (
				FA887C8328EB02C200AD30AF /* AppDelegate.swift */,
				FA887C8528EB02C200AD30AF /* SceneDelegate.swift */,
			);
			path = App;
			sourceTree = "<group>";
		};
		FA09F30C291A363A00937CD8 /* SupportingFiles */ = {
			isa = PBXGroup;
			children = (
				FA887C8C28EB02CA00AD30AF /* Assets.xcassets */,
				FA887C8E28EB02CA00AD30AF /* LaunchScreen.storyboard */,
			);
			path = SupportingFiles;
			sourceTree = "<group>";
		};
		FA09F30D291A365C00937CD8 /* Info */ = {
			isa = PBXGroup;
			children = (
				FA887C9128EB02CA00AD30AF /* Info.plist */,
				FA1321A428F54E95002DD83D /* GoogleService-Info.plist */,
			);
			path = Info;
			sourceTree = "<group>";
		};
		FA09F30E291A368F00937CD8 /* Scenes */ = {
			isa = PBXGroup;
			children = (
				FA09F30F291A36A000937CD8 /* Login */,
				FA09F310291A36DE00937CD8 /* Registration */,
				FA163949294376F500FCED7D /* Profile */,
			);
			path = Scenes;
			sourceTree = "<group>";
		};
		FA09F30F291A36A000937CD8 /* Login */ = {
			isa = PBXGroup;
			children = (
				FA09F313291A375700937CD8 /* LoginViewController.swift */,
			);
			path = Login;
			sourceTree = "<group>";
		};
		FA09F310291A36DE00937CD8 /* Registration */ = {
			isa = PBXGroup;
			children = (
				FAEC30D5291A86F80023ADFF /* RegistrationViewController.swift */,
			);
			path = Registration;
			sourceTree = "<group>";
		};
		FA09F315291A3C1600937CD8 /* Commons+Extensions */ = {
			isa = PBXGroup;
			children = (
				FA09F317291A3C2B00937CD8 /* Commons */,
				FA09F316291A3C2400937CD8 /* Extensions */,
			);
			path = "Commons+Extensions";
			sourceTree = "<group>";
		};
		FA09F316291A3C2400937CD8 /* Extensions */ = {
			isa = PBXGroup;
			children = (
				FA9BEC502938E0DB000D4B59 /* UIViewController+Extensions.swift */,
				FA1335C8294A007F00B08A73 /* UIView+Extensions.swift */,
				FA5FC190296C184800E37EAF /* Date+Extensions.swift */,
			);
			path = Extensions;
			sourceTree = "<group>";
		};
		FA09F317291A3C2B00937CD8 /* Commons */ = {
			isa = PBXGroup;
			children = (
				FA8D2CE12942195800B3FBA4 /* Constants.swift */,
			);
			path = Commons;
			sourceTree = "<group>";
		};
		FA09F318291A3C4400937CD8 /* Models */ = {
			isa = PBXGroup;
			children = (
				FADB95442940AC1100D2CEC8 /* FirebaseUser.swift */,
			);
			path = Models;
			sourceTree = "<group>";
		};
		FA09F319291A3C6300937CD8 /* NetworkServices */ = {
			isa = PBXGroup;
			children = (
			);
			path = NetworkServices;
			sourceTree = "<group>";
		};
		FA1335C12949F6F200B08A73 /* CustomCells */ = {
			isa = PBXGroup;
			children = (
				FA1335D4294A0F9E00B08A73 /* TextFieldCell */,
				FA1335CF294A06A000B08A73 /* AboutMeCell */,
				FA1335CA294A060D00B08A73 /* LabelCell */,
				FA8DE0AD294A2706001184CA /* ProfileCell */,
			);
			path = CustomCells;
			sourceTree = "<group>";
		};
		FA1335CA294A060D00B08A73 /* LabelCell */ = {
			isa = PBXGroup;
			children = (
				FA1335CB294A062A00B08A73 /* LabelCell.swift */,
				FA1335CC294A062A00B08A73 /* LabelCell.xib */,
			);
			path = LabelCell;
			sourceTree = "<group>";
		};
		FA1335CF294A06A000B08A73 /* AboutMeCell */ = {
			isa = PBXGroup;
			children = (
				FA1335D0294A06BC00B08A73 /* AboutMeCell.swift */,
				FA1335D1294A06BC00B08A73 /* AboutMeCell.xib */,
			);
			path = AboutMeCell;
			sourceTree = "<group>";
		};
		FA1335D4294A0F9E00B08A73 /* TextFieldCell */ = {
			isa = PBXGroup;
			children = (
				FA1335D5294A0FD800B08A73 /* TextFieldCell.swift */,
				FA1335D6294A0FD800B08A73 /* TextFieldCell.xib */,
			);
			path = TextFieldCell;
			sourceTree = "<group>";
		};
		FA163944294336F100FCED7D /* FirebaseHelpers */ = {
			isa = PBXGroup;
			children = (
				FA1639452943378600FCED7D /* FCollectionReference.swift */,
				FA1639472943387000FCED7D /* FirebaseListener.swift */,
			);
			path = FirebaseHelpers;
			sourceTree = "<group>";
		};
		FA163949294376F500FCED7D /* Profile */ = {
			isa = PBXGroup;
			children = (
				FA1335C12949F6F200B08A73 /* CustomCells */,
				FA1335C22949F92200B08A73 /* ProfileViewController.swift */,
			);
			path = Profile;
			sourceTree = "<group>";
		};
		FA887C7728EB02C200AD30AF = {
			isa = PBXGroup;
			children = (
				FA887C8228EB02C200AD30AF /* Tinder */,
				FA887C8128EB02C200AD30AF /* Products */,
				CDAFE44B81523517EB27A5D4 /* Pods */,
				D59D3B775419FCE87195F353 /* Frameworks */,
			);
			sourceTree = "<group>";
		};
		FA887C8128EB02C200AD30AF /* Products */ = {
			isa = PBXGroup;
			children = (
				FA887C8028EB02C200AD30AF /* Tinder.app */,
			);
			name = Products;
			sourceTree = "<group>";
		};
		FA887C8228EB02C200AD30AF /* Tinder */ = {
			isa = PBXGroup;
			children = (
				FA887C8928EB02C200AD30AF /* Main.storyboard */,
				FA09F30B291A361900937CD8 /* App */,
				FA163944294336F100FCED7D /* FirebaseHelpers */,
				FA09F315291A3C1600937CD8 /* Commons+Extensions */,
				FA09F318291A3C4400937CD8 /* Models */,
				FA09F30E291A368F00937CD8 /* Scenes */,
				FA09F319291A3C6300937CD8 /* NetworkServices */,
				FA09F30C291A363A00937CD8 /* SupportingFiles */,
				FA09F30D291A365C00937CD8 /* Info */,
			);
			path = Tinder;
			sourceTree = "<group>";
		};
		FA8DE0AD294A2706001184CA /* ProfileCell */ = {
			isa = PBXGroup;
			children = (
				FA1335C42949FA5500B08A73 /* ProfileCell.swift */,
				FA1335C52949FA5500B08A73 /* ProfileCell.xib */,
			);
			path = ProfileCell;
			sourceTree = "<group>";
		};
/* End PBXGroup section */

/* Begin PBXNativeTarget section */
		FA887C7F28EB02C200AD30AF /* Tinder */ = {
			isa = PBXNativeTarget;
			buildConfigurationList = FA887C9428EB02CA00AD30AF /* Build configuration list for PBXNativeTarget "Tinder" */;
			buildPhases = (
				B21CA13A901C9A4DB843543F /* [CP] Check Pods Manifest.lock */,
				FA887C7C28EB02C200AD30AF /* Sources */,
				FA887C7D28EB02C200AD30AF /* Frameworks */,
				FA887C7E28EB02C200AD30AF /* Resources */,
				9532FE03E5123941ED7758C3 /* [CP] Embed Pods Frameworks */,
			);
			buildRules = (
			);
			dependencies = (
			);
			name = Tinder;
			productName = Tinder;
			productReference = FA887C8028EB02C200AD30AF /* Tinder.app */;
			productType = "com.apple.product-type.application";
		};
/* End PBXNativeTarget section */

/* Begin PBXProject section */
		FA887C7828EB02C200AD30AF /* Project object */ = {
			isa = PBXProject;
			attributes = {
				BuildIndependentTargetsInParallel = 1;
				LastSwiftUpdateCheck = 1330;
				LastUpgradeCheck = 1330;
				TargetAttributes = {
					FA887C7F28EB02C200AD30AF = {
						CreatedOnToolsVersion = 13.3;
					};
				};
			};
			buildConfigurationList = FA887C7B28EB02C200AD30AF /* Build configuration list for PBXProject "Tinder" */;
			compatibilityVersion = "Xcode 13.0";
			developmentRegion = en;
			hasScannedForEncodings = 0;
			knownRegions = (
				en,
				Base,
			);
			mainGroup = FA887C7728EB02C200AD30AF;
			productRefGroup = FA887C8128EB02C200AD30AF /* Products */;
			projectDirPath = "";
			projectRoot = "";
			targets = (
				FA887C7F28EB02C200AD30AF /* Tinder */,
			);
		};
/* End PBXProject section */

/* Begin PBXResourcesBuildPhase section */
		FA887C7E28EB02C200AD30AF /* Resources */ = {
			isa = PBXResourcesBuildPhase;
			buildActionMask = 2147483647;
			files = (
				FA1335CE294A062A00B08A73 /* LabelCell.xib in Resources */,
				FA887C9028EB02CA00AD30AF /* LaunchScreen.storyboard in Resources */,
				FA887C8D28EB02CA00AD30AF /* Assets.xcassets in Resources */,
				FA1335D8294A0FD800B08A73 /* TextFieldCell.xib in Resources */,
				FA1335D3294A06BC00B08A73 /* AboutMeCell.xib in Resources */,
				FA887C8B28EB02C200AD30AF /* Main.storyboard in Resources */,
				FA1321A528F54E95002DD83D /* GoogleService-Info.plist in Resources */,
				FA1335C72949FA5500B08A73 /* ProfileCell.xib in Resources */,
			);
			runOnlyForDeploymentPostprocessing = 0;
		};
/* End PBXResourcesBuildPhase section */

/* Begin PBXShellScriptBuildPhase section */
		9532FE03E5123941ED7758C3 /* [CP] Embed Pods Frameworks */ = {
			isa = PBXShellScriptBuildPhase;
			buildActionMask = 2147483647;
			files = (
			);
			inputFileListPaths = (
				"${PODS_ROOT}/Target Support Files/Pods-Tinder/Pods-Tinder-frameworks-${CONFIGURATION}-input-files.xcfilelist",
			);
			name = "[CP] Embed Pods Frameworks";
			outputFileListPaths = (
				"${PODS_ROOT}/Target Support Files/Pods-Tinder/Pods-Tinder-frameworks-${CONFIGURATION}-output-files.xcfilelist",
			);
			runOnlyForDeploymentPostprocessing = 0;
			shellPath = /bin/sh;
			shellScript = "\"${PODS_ROOT}/Target Support Files/Pods-Tinder/Pods-Tinder-frameworks.sh\"\n";
			showEnvVarsInLog = 0;
		};
		B21CA13A901C9A4DB843543F /* [CP] Check Pods Manifest.lock */ = {
			isa = PBXShellScriptBuildPhase;
			buildActionMask = 2147483647;
			files = (
			);
			inputFileListPaths = (
			);
			inputPaths = (
				"${PODS_PODFILE_DIR_PATH}/Podfile.lock",
				"${PODS_ROOT}/Manifest.lock",
			);
			name = "[CP] Check Pods Manifest.lock";
			outputFileListPaths = (
			);
			outputPaths = (
				"$(DERIVED_FILE_DIR)/Pods-Tinder-checkManifestLockResult.txt",
			);
			runOnlyForDeploymentPostprocessing = 0;
			shellPath = /bin/sh;
			shellScript = "diff \"${PODS_PODFILE_DIR_PATH}/Podfile.lock\" \"${PODS_ROOT}/Manifest.lock\" > /dev/null\nif [ $? != 0 ] ; then\n    # print error to STDERR\n    echo \"error: The sandbox is not in sync with the Podfile.lock. Run 'pod install' or update your CocoaPods installation.\" >&2\n    exit 1\nfi\n# This output is used by Xcode 'outputs' to avoid re-running this script phase.\necho \"SUCCESS\" > \"${SCRIPT_OUTPUT_FILE_0}\"\n";
			showEnvVarsInLog = 0;
		};
/* End PBXShellScriptBuildPhase section */

/* Begin PBXSourcesBuildPhase section */
		FA887C7C28EB02C200AD30AF /* Sources */ = {
			isa = PBXSourcesBuildPhase;
			buildActionMask = 2147483647;
			files = (
				FA09F314291A375700937CD8 /* LoginViewController.swift in Sources */,
				FA1335CD294A062A00B08A73 /* LabelCell.swift in Sources */,
				FA887C8428EB02C200AD30AF /* AppDelegate.swift in Sources */,
				FA1335D2294A06BC00B08A73 /* AboutMeCell.swift in Sources */,
				FA9BEC512938E0DB000D4B59 /* UIViewController+Extensions.swift in Sources */,
				FAEC30D6291A86F80023ADFF /* RegistrationViewController.swift in Sources */,
				FA1335D7294A0FD800B08A73 /* TextFieldCell.swift in Sources */,
				FA5FC191296C184800E37EAF /* Date+Extensions.swift in Sources */,
				FA1335C9294A007F00B08A73 /* UIView+Extensions.swift in Sources */,
				FA8D2CE22942195900B3FBA4 /* Constants.swift in Sources */,
				FA1335C32949F92200B08A73 /* ProfileViewController.swift in Sources */,
				FA1639482943387000FCED7D /* FirebaseListener.swift in Sources */,
				FA1639462943378700FCED7D /* FCollectionReference.swift in Sources */,
				FA1335C62949FA5500B08A73 /* ProfileCell.swift in Sources */,
				FA887C8628EB02C200AD30AF /* SceneDelegate.swift in Sources */,
				FADB95452940AC1100D2CEC8 /* FirebaseUser.swift in Sources */,
			);
			runOnlyForDeploymentPostprocessing = 0;
		};
/* End PBXSourcesBuildPhase section */

/* Begin PBXVariantGroup section */
		FA887C8928EB02C200AD30AF /* Main.storyboard */ = {
			isa = PBXVariantGroup;
			children = (
				FA887C8A28EB02C200AD30AF /* Base */,
			);
			name = Main.storyboard;
			sourceTree = "<group>";
		};
		FA887C8E28EB02CA00AD30AF /* LaunchScreen.storyboard */ = {
			isa = PBXVariantGroup;
			children = (
				FA887C8F28EB02CA00AD30AF /* Base */,
			);
			name = LaunchScreen.storyboard;
			sourceTree = "<group>";
		};
/* End PBXVariantGroup section */

/* Begin XCBuildConfiguration section */
		FA887C9228EB02CA00AD30AF /* Debug */ = {
			isa = XCBuildConfiguration;
			buildSettings = {
				ALWAYS_SEARCH_USER_PATHS = NO;
				CLANG_ANALYZER_NONNULL = YES;
				CLANG_ANALYZER_NUMBER_OBJECT_CONVERSION = YES_AGGRESSIVE;
				CLANG_CXX_LANGUAGE_STANDARD = "gnu++17";
				CLANG_ENABLE_MODULES = YES;
				CLANG_ENABLE_OBJC_ARC = YES;
				CLANG_ENABLE_OBJC_WEAK = YES;
				CLANG_WARN_BLOCK_CAPTURE_AUTORELEASING = YES;
				CLANG_WARN_BOOL_CONVERSION = YES;
				CLANG_WARN_COMMA = YES;
				CLANG_WARN_CONSTANT_CONVERSION = YES;
				CLANG_WARN_DEPRECATED_OBJC_IMPLEMENTATIONS = YES;
				CLANG_WARN_DIRECT_OBJC_ISA_USAGE = YES_ERROR;
				CLANG_WARN_DOCUMENTATION_COMMENTS = YES;
				CLANG_WARN_EMPTY_BODY = YES;
				CLANG_WARN_ENUM_CONVERSION = YES;
				CLANG_WARN_INFINITE_RECURSION = YES;
				CLANG_WARN_INT_CONVERSION = YES;
				CLANG_WARN_NON_LITERAL_NULL_CONVERSION = YES;
				CLANG_WARN_OBJC_IMPLICIT_RETAIN_SELF = YES;
				CLANG_WARN_OBJC_LITERAL_CONVERSION = YES;
				CLANG_WARN_OBJC_ROOT_CLASS = YES_ERROR;
				CLANG_WARN_QUOTED_INCLUDE_IN_FRAMEWORK_HEADER = YES;
				CLANG_WARN_RANGE_LOOP_ANALYSIS = YES;
				CLANG_WARN_STRICT_PROTOTYPES = YES;
				CLANG_WARN_SUSPICIOUS_MOVE = YES;
				CLANG_WARN_UNGUARDED_AVAILABILITY = YES_AGGRESSIVE;
				CLANG_WARN_UNREACHABLE_CODE = YES;
				CLANG_WARN__DUPLICATE_METHOD_MATCH = YES;
				COPY_PHASE_STRIP = NO;
				DEBUG_INFORMATION_FORMAT = dwarf;
				ENABLE_STRICT_OBJC_MSGSEND = YES;
				ENABLE_TESTABILITY = YES;
				GCC_C_LANGUAGE_STANDARD = gnu11;
				GCC_DYNAMIC_NO_PIC = NO;
				GCC_NO_COMMON_BLOCKS = YES;
				GCC_OPTIMIZATION_LEVEL = 0;
				GCC_PREPROCESSOR_DEFINITIONS = (
					"DEBUG=1",
					"$(inherited)",
				);
				GCC_WARN_64_TO_32_BIT_CONVERSION = YES;
				GCC_WARN_ABOUT_RETURN_TYPE = YES_ERROR;
				GCC_WARN_UNDECLARED_SELECTOR = YES;
				GCC_WARN_UNINITIALIZED_AUTOS = YES_AGGRESSIVE;
				GCC_WARN_UNUSED_FUNCTION = YES;
				GCC_WARN_UNUSED_VARIABLE = YES;
				IPHONEOS_DEPLOYMENT_TARGET = 15.4;
				MTL_ENABLE_DEBUG_INFO = INCLUDE_SOURCE;
				MTL_FAST_MATH = YES;
				ONLY_ACTIVE_ARCH = YES;
				SDKROOT = iphoneos;
				SWIFT_ACTIVE_COMPILATION_CONDITIONS = DEBUG;
				SWIFT_OPTIMIZATION_LEVEL = "-Onone";
			};
			name = Debug;
		};
		FA887C9328EB02CA00AD30AF /* Release */ = {
			isa = XCBuildConfiguration;
			buildSettings = {
				ALWAYS_SEARCH_USER_PATHS = NO;
				CLANG_ANALYZER_NONNULL = YES;
				CLANG_ANALYZER_NUMBER_OBJECT_CONVERSION = YES_AGGRESSIVE;
				CLANG_CXX_LANGUAGE_STANDARD = "gnu++17";
				CLANG_ENABLE_MODULES = YES;
				CLANG_ENABLE_OBJC_ARC = YES;
				CLANG_ENABLE_OBJC_WEAK = YES;
				CLANG_WARN_BLOCK_CAPTURE_AUTORELEASING = YES;
				CLANG_WARN_BOOL_CONVERSION = YES;
				CLANG_WARN_COMMA = YES;
				CLANG_WARN_CONSTANT_CONVERSION = YES;
				CLANG_WARN_DEPRECATED_OBJC_IMPLEMENTATIONS = YES;
				CLANG_WARN_DIRECT_OBJC_ISA_USAGE = YES_ERROR;
				CLANG_WARN_DOCUMENTATION_COMMENTS = YES;
				CLANG_WARN_EMPTY_BODY = YES;
				CLANG_WARN_ENUM_CONVERSION = YES;
				CLANG_WARN_INFINITE_RECURSION = YES;
				CLANG_WARN_INT_CONVERSION = YES;
				CLANG_WARN_NON_LITERAL_NULL_CONVERSION = YES;
				CLANG_WARN_OBJC_IMPLICIT_RETAIN_SELF = YES;
				CLANG_WARN_OBJC_LITERAL_CONVERSION = YES;
				CLANG_WARN_OBJC_ROOT_CLASS = YES_ERROR;
				CLANG_WARN_QUOTED_INCLUDE_IN_FRAMEWORK_HEADER = YES;
				CLANG_WARN_RANGE_LOOP_ANALYSIS = YES;
				CLANG_WARN_STRICT_PROTOTYPES = YES;
				CLANG_WARN_SUSPICIOUS_MOVE = YES;
				CLANG_WARN_UNGUARDED_AVAILABILITY = YES_AGGRESSIVE;
				CLANG_WARN_UNREACHABLE_CODE = YES;
				CLANG_WARN__DUPLICATE_METHOD_MATCH = YES;
				COPY_PHASE_STRIP = NO;
				DEBUG_INFORMATION_FORMAT = "dwarf-with-dsym";
				ENABLE_NS_ASSERTIONS = NO;
				ENABLE_STRICT_OBJC_MSGSEND = YES;
				GCC_C_LANGUAGE_STANDARD = gnu11;
				GCC_NO_COMMON_BLOCKS = YES;
				GCC_WARN_64_TO_32_BIT_CONVERSION = YES;
				GCC_WARN_ABOUT_RETURN_TYPE = YES_ERROR;
				GCC_WARN_UNDECLARED_SELECTOR = YES;
				GCC_WARN_UNINITIALIZED_AUTOS = YES_AGGRESSIVE;
				GCC_WARN_UNUSED_FUNCTION = YES;
				GCC_WARN_UNUSED_VARIABLE = YES;
				IPHONEOS_DEPLOYMENT_TARGET = 15.4;
				MTL_ENABLE_DEBUG_INFO = NO;
				MTL_FAST_MATH = YES;
				SDKROOT = iphoneos;
				SWIFT_COMPILATION_MODE = wholemodule;
				SWIFT_OPTIMIZATION_LEVEL = "-O";
				VALIDATE_PRODUCT = YES;
			};
			name = Release;
		};
		FA887C9528EB02CA00AD30AF /* Debug */ = {
			isa = XCBuildConfiguration;
			baseConfigurationReference = F02B255D1A9F3F983D36618B /* Pods-Tinder.debug.xcconfig */;
			buildSettings = {
				ASSETCATALOG_COMPILER_APPICON_NAME = AppIcon;
				ASSETCATALOG_COMPILER_GLOBAL_ACCENT_COLOR_NAME = AccentColor;
				CODE_SIGN_STYLE = Automatic;
				CURRENT_PROJECT_VERSION = 1;
				GENERATE_INFOPLIST_FILE = YES;
				INFOPLIST_FILE = Tinder/Info/Info.plist;
				INFOPLIST_KEY_UIApplicationSupportsIndirectInputEvents = YES;
				INFOPLIST_KEY_UILaunchStoryboardName = LaunchScreen;
				INFOPLIST_KEY_UIMainStoryboardFile = Main;
				INFOPLIST_KEY_UISupportedInterfaceOrientations = "UIInterfaceOrientationPortrait UIInterfaceOrientationLandscapeLeft UIInterfaceOrientationLandscapeRight";
				INFOPLIST_KEY_UISupportedInterfaceOrientations_iPad = "UIInterfaceOrientationPortrait UIInterfaceOrientationPortraitUpsideDown UIInterfaceOrientationLandscapeLeft UIInterfaceOrientationLandscapeRight";
				INFOPLIST_KEY_UISupportedInterfaceOrientations_iPhone = "UIInterfaceOrientationPortrait UIInterfaceOrientationLandscapeLeft UIInterfaceOrientationLandscapeRight";
				IPHONEOS_DEPLOYMENT_TARGET = 14.0;
				LD_RUNPATH_SEARCH_PATHS = (
					"$(inherited)",
					"@executable_path/Frameworks",
				);
				MARKETING_VERSION = 1.0;
				PRODUCT_BUNDLE_IDENTIFIER = kapii.Tinder;
				PRODUCT_NAME = "$(TARGET_NAME)";
				SWIFT_EMIT_LOC_STRINGS = YES;
				SWIFT_VERSION = 5.0;
				TARGETED_DEVICE_FAMILY = 1;
			};
			name = Debug;
		};
		FA887C9628EB02CA00AD30AF /* Release */ = {
			isa = XCBuildConfiguration;
			baseConfigurationReference = CEF34F95120CF5CAC6278E18 /* Pods-Tinder.release.xcconfig */;
			buildSettings = {
				ASSETCATALOG_COMPILER_APPICON_NAME = AppIcon;
				ASSETCATALOG_COMPILER_GLOBAL_ACCENT_COLOR_NAME = AccentColor;
				CODE_SIGN_STYLE = Automatic;
				CURRENT_PROJECT_VERSION = 1;
				GENERATE_INFOPLIST_FILE = YES;
				INFOPLIST_FILE = Tinder/Info/Info.plist;
				INFOPLIST_KEY_UIApplicationSupportsIndirectInputEvents = YES;
				INFOPLIST_KEY_UILaunchStoryboardName = LaunchScreen;
				INFOPLIST_KEY_UIMainStoryboardFile = Main;
				INFOPLIST_KEY_UISupportedInterfaceOrientations = "UIInterfaceOrientationPortrait UIInterfaceOrientationLandscapeLeft UIInterfaceOrientationLandscapeRight";
				INFOPLIST_KEY_UISupportedInterfaceOrientations_iPad = "UIInterfaceOrientationPortrait UIInterfaceOrientationPortraitUpsideDown UIInterfaceOrientationLandscapeLeft UIInterfaceOrientationLandscapeRight";
				INFOPLIST_KEY_UISupportedInterfaceOrientations_iPhone = "UIInterfaceOrientationPortrait UIInterfaceOrientationLandscapeLeft UIInterfaceOrientationLandscapeRight";
				IPHONEOS_DEPLOYMENT_TARGET = 14.0;
				LD_RUNPATH_SEARCH_PATHS = (
					"$(inherited)",
					"@executable_path/Frameworks",
				);
				MARKETING_VERSION = 1.0;
				PRODUCT_BUNDLE_IDENTIFIER = kapii.Tinder;
				PRODUCT_NAME = "$(TARGET_NAME)";
				SWIFT_EMIT_LOC_STRINGS = YES;
				SWIFT_VERSION = 5.0;
				TARGETED_DEVICE_FAMILY = 1;
			};
			name = Release;
		};
/* End XCBuildConfiguration section */

/* Begin XCConfigurationList section */
		FA887C7B28EB02C200AD30AF /* Build configuration list for PBXProject "Tinder" */ = {
			isa = XCConfigurationList;
			buildConfigurations = (
				FA887C9228EB02CA00AD30AF /* Debug */,
				FA887C9328EB02CA00AD30AF /* Release */,
			);
			defaultConfigurationIsVisible = 0;
			defaultConfigurationName = Release;
		};
		FA887C9428EB02CA00AD30AF /* Build configuration list for PBXNativeTarget "Tinder" */ = {
			isa = XCConfigurationList;
			buildConfigurations = (
				FA887C9528EB02CA00AD30AF /* Debug */,
				FA887C9628EB02CA00AD30AF /* Release */,
			);
			defaultConfigurationIsVisible = 0;
			defaultConfigurationName = Release;
		};
/* End XCConfigurationList section */
	};
	rootObject = FA887C7828EB02C200AD30AF /* Project object */;
}
